
Microsoft Visual Studio Solution File, Format Version 12.00
# Visual Studio Version 17
VisualStudioVersion = 17.4.33110.190
MinimumVisualStudioVersion = 10.0.40219.1
Project("{FAE04EC0-301F-11D3-BF4B-00C04F79EFBC}") = "recursion", "recursion\recursion.csproj", "{6AEA7CB7-E06C-4774-9F90-8E038F467770}"
EndProject
Global
	GlobalSection(SolutionConfigurationPlatforms) = preSolution
		Debug|Any CPU = Debug|Any CPU
		Release|Any CPU = Release|Any CPU
	EndGlobalSection
	GlobalSection(ProjectConfigurationPlatforms) = postSolution
		{6AEA7CB7-E06C-4774-9F90-8E038F467770}.Debug|Any CPU.ActiveCfg = Debug|Any CPU
		{6AEA7CB7-E06C-4774-9F90-8E038F467770}.Debug|Any CPU.Build.0 = Debug|Any CPU
		{6AEA7CB7-E06C-4774-9F90-8E038F467770}.Release|Any CPU.ActiveCfg = Release|Any CPU
		{6AEA7CB7-E06C-4774-9F90-8E038F467770}.Release|Any CPU.Build.0 = Release|Any CPU
	EndGlobalSection
	GlobalSection(SolutionProperties) = preSolution
		HideSolutionNode = FALSE
	EndGlobalSection
	GlobalSection(ExtensibilityGlobals) = postSolution
		SolutionGuid = {32F16E91-3080-4C91-B906-942BECA72AF0}
	EndGlobalSection
EndGlobal
