
Microsoft Visual Studio Solution File, Format Version 12.00
# Visual Studio Version 17
VisualStudioVersion = 17.4.33110.190
MinimumVisualStudioVersion = 10.0.40219.1
Project("{FAE04EC0-301F-11D3-BF4B-00C04F79EFBC}") = "Identity", "Identity\Identity.csproj", "{A945D8B6-68C6-4E19-89A4-B7B82B22360B}"
EndProject
Global
	GlobalSection(SolutionConfigurationPlatforms) = preSolution
		Debug|Any CPU = Debug|Any CPU
		Release|Any CPU = Release|Any CPU
	EndGlobalSection
	GlobalSection(ProjectConfigurationPlatforms) = postSolution
		{A945D8B6-68C6-4E19-89A4-B7B82B22360B}.Debug|Any CPU.ActiveCfg = Debug|Any CPU
		{A945D8B6-68C6-4E19-89A4-B7B82B22360B}.Debug|Any CPU.Build.0 = Debug|Any CPU
		{A945D8B6-68C6-4E19-89A4-B7B82B22360B}.Release|Any CPU.ActiveCfg = Release|Any CPU
		{A945D8B6-68C6-4E19-89A4-B7B82B22360B}.Release|Any CPU.Build.0 = Release|Any CPU
	EndGlobalSection
	GlobalSection(SolutionProperties) = preSolution
		HideSolutionNode = FALSE
	EndGlobalSection
	GlobalSection(ExtensibilityGlobals) = postSolution
		SolutionGuid = {DC124858-BD25-4A46-B890-BD5469AFBAF8}
	EndGlobalSection
EndGlobal
